{
  "requires": true,
  "lockfileVersion": 1,
  "dependencies": {
    "alpinejs": {
      "version": "2.7.0",
      "resolved": "https://registry.npmjs.org/alpinejs/-/alpinejs-2.7.0.tgz",
      "integrity": "sha512-vz4Qu4p1830yfPTvhB8da84zIePoe6PGeR50z68gB/EAH5Ba4GeqixV6kuVDEBAv5yzHhUpTrESTDNBtBVpjmg=="
    }
  }
}
